
Microsoft Visual Studio Solution File, Format Version 12.00
# Visual Studio 15
VisualStudioVersion = 15.0.28307.421
MinimumVisualStudioVersion = 10.0.40219.1
Project("{FAE04EC0-301F-11D3-BF4B-00C04F79EFBC}") = "SignalRMVCChat", "SignalRMVCChat\SignalRMVCChat.csproj", "{53961258-96B9-44D4-9643-7899A644221A}"
EndProject
Global
	GlobalSection(SolutionConfigurationPlatforms) = preSolution
		Debug|Any CPU = Debug|Any CPU
		Release|Any CPU = Release|Any CPU
	EndGlobalSection
	GlobalSection(ProjectConfigurationPlatforms) = postSolution
		{53961258-96B9-44D4-9643-7899A644221A}.Debug|Any CPU.ActiveCfg = Debug|Any CPU
		{53961258-96B9-44D4-9643-7899A644221A}.Debug|Any CPU.Build.0 = Debug|Any CPU
		{53961258-96B9-44D4-9643-7899A644221A}.Release|Any CPU.ActiveCfg = Release|Any CPU
		{53961258-96B9-44D4-9643-7899A644221A}.Release|Any CPU.Build.0 = Release|Any CPU
	EndGlobalSection
	GlobalSection(SolutionProperties) = preSolution
		HideSolutionNode = FALSE
	EndGlobalSection
	GlobalSection(ExtensibilityGlobals) = postSolution
		SolutionGuid = {ED9C3025-9D33-495D-A3FC-8558E14CBD74}
	EndGlobalSection
EndGlobal
